{
  "name": "icon-import-scripts",
  "lockfileVersion": 3,
  "requires": true,
  "packages": {
    "": {
      "name": "icon-import-scripts",
      "devDependencies": {
        "@iconify-json/fluent-emoji-flat": "^1.2.6",
        "@iconify-json/noto": "^1.2.7",
        "@tabler/icons": "^3.31.0",
        "lucide-static": "^0.468.0"
      }
    },
    "node_modules/@iconify-json/fluent-emoji-flat": {
      "version": "1.2.6",
      "resolved": "https://registry.npmjs.org/@iconify-json/fluent-emoji-flat/-/fluent-emoji-flat-1.2.6.tgz",
      "integrity": "sha512-RY47RgPb47fYUiyrA64sIOL0+UU02s29sXpNBbIQRBUlPlfNFTKUmZDERGuxDs/7yNGWqQYvuaSYM1M4fRXlUw==",
      "dev": true,
      "license": "MIT",
      "dependencies": {
        "@iconify/types": "*"
      }
    },
    "node_modules/@iconify-json/noto": {
      "version": "1.2.7",
      "resolved": "https://registry.npmjs.org/@iconify-json/noto/-/noto-1.2.7.tgz",
      "integrity": "sha512-2pNHliXnMLpnepNTZwR9hPBSl6GmhIfXPnudFCHY5v9pJhmA7LoVb/pFY0qLDY/k+3ikET8RXRf7XFxc/pHObA==",
      "dev": true,
      "license": "Apache-2.0",
      "dependencies": {
        "@iconify/types": "*"
      }
    },
    "node_modules/@iconify/types": {
      "version": "2.0.0",
      "resolved": "https://registry.npmjs.org/@iconify/types/-/types-2.0.0.tgz",
      "integrity": "sha512-+wluvCrRhXrhyOmRDJ3q8mux9JkKy5SJ/v8ol2tu4FVjyYvtEzkc/3pK15ET6RKg4b4w4BmTk1+gsCUhf21Ykg==",
      "dev": true,
      "license": "MIT"
    },
    "node_modules/@tabler/icons": {
      "version": "3.46.0",
      "resolved": "https://registry.npmjs.org/@tabler/icons/-/icons-3.46.0.tgz",
      "integrity": "sha512-f2RYFl3fzPwj5WO82x6en0dmkjefxEfOm16D1ByM6cj/McNiwOkL4VaPUoP9VVIrXAD9WnTSVFr70px703b//A==",
      "dev": true,
      "license": "MIT",
      "funding": {
        "type": "github",
        "url": "https://github.com/sponsors/codecalm"
      }
    },
    "node_modules/lucide-static": {
      "version": "0.468.0",
      "resolved": "https://registry.npmjs.org/lucide-static/-/lucide-static-0.468.0.tgz",
      "integrity": "sha512-JvpWui2umxRyEVMoETfMzb+qKqibV/sdoqJbKmW1JLdkuhXluJKoO6NqCbvCK/vAbUuH5bTEFD4T6uECsrNcnA==",
      "dev": true,
      "license": "ISC"
    }
  }
}
